
Microsoft Visual Studio Solution File, Format Version 12.00
# Visual Studio Version 17
VisualStudioVersion = 17.14.36109.1 d17.14
MinimumVisualStudioVersion = 10.0.40219.1
Project("{FAE04EC0-301F-11D3-BF4B-00C04F79EFBC}") = "NHurl", "NHurl\NHurl.csproj", "{61D39496-4B1D-49FA-8FB4-991F8E42C700}"
EndProject
Global
	GlobalSection(SolutionConfigurationPlatforms) = preSolution
		Debug|Any CPU = Debug|Any CPU
		Release|Any CPU = Release|Any CPU
	EndGlobalSection
	GlobalSection(ProjectConfigurationPlatforms) = postSolution
		{61D39496-4B1D-49FA-8FB4-991F8E42C700}.Debug|Any CPU.ActiveCfg = Debug|Any CPU
		{61D39496-4B1D-49FA-8FB4-991F8E42C700}.Debug|Any CPU.Build.0 = Debug|Any CPU
		{61D39496-4B1D-49FA-8FB4-991F8E42C700}.Release|Any CPU.ActiveCfg = Release|Any CPU
		{61D39496-4B1D-49FA-8FB4-991F8E42C700}.Release|Any CPU.Build.0 = Release|Any CPU
	EndGlobalSection
	GlobalSection(SolutionProperties) = preSolution
		HideSolutionNode = FALSE
	EndGlobalSection
	GlobalSection(ExtensibilityGlobals) = postSolution
		SolutionGuid = {F2877AC0-A37E-474A-A808-CB5107C84A85}
	EndGlobalSection
EndGlobal
